PODS:
  - Charts (3.0.1):
    - Charts/Core (= 3.0.1)
  - Charts/Core (3.0.1)
  - Font-Awesome-Swift (1.5.3)
  - GaugeKit (0.4.0)
  - Pages (1.0.0)
  - SideMenuController (0.2.1)

DEPENDENCIES:
  - Charts
  - Font-Awesome-Swift (~> 1.5.2)
  - GaugeKit
  - Pages
  - SideMenuController

SPEC CHECKSUMS:
  Charts: 0e84f4418e87dad6a9edde221fba37ebb51d3ba7
  Font-Awesome-Swift: 6615ee6b875d148f767ea60b5b4ff54e2ea3122e
  GaugeKit: 422d082cfd8abf68d6df0b4ec625b4d19d39c89e
  Pages: f3718e6f03a5e2787f6b0bff4becb3c7c19bcebc
  SideMenuController: 4c543122289d74e1db9d1e24fd3264581fd6ac4e

PODFILE CHECKSUM: 759d9da74aff75bdf00ab11c8d50a7de46f826fb

COCOAPODS: 1.2.0.beta.1
