// !$*UTF8*$!
{
	archiveVersion = 1;
	classes = {
	};
	objectVersion = 46;
	objects = {

/* Begin PBXBuildFile section */
		19483E7169D96046600884B1 /* Pods_booster.framework in Frameworks */ = {isa = PBXBuildFile; fileRef = D3761E052A2C59450E661EE1 /* Pods_booster.framework */; };
		4106FAD41E259B7A00B54F9F /* SubmitViewController.swift in Sources */ = {isa = PBXBuildFile; fileRef = 4106FAD31E259B7A00B54F9F /* SubmitViewController.swift */; };
		41532F691E245BAF00AA4B94 /* booster-logo.jpg in Resources */ = {isa = PBXBuildFile; fileRef = 41532F681E245BAF00AA4B94 /* booster-logo.jpg */; };
		41532F731E245CF100AA4B94 /* ALLayerView.swift in Sources */ = {isa = PBXBuildFile; fileRef = 41532F6D1E245CF100AA4B94 /* ALLayerView.swift */; };
		41532F741E245CF100AA4B94 /* ALLocalizableButton.swift in Sources */ = {isa = PBXBuildFile; fileRef = 41532F6E1E245CF100AA4B94 /* ALLocalizableButton.swift */; };
		41532F751E245CF100AA4B94 /* ALLocalizableLabel.swift in Sources */ = {isa = PBXBuildFile; fileRef = 41532F6F1E245CF100AA4B94 /* ALLocalizableLabel.swift */; };
		41532F761E245CF100AA4B94 /* ALLocalizableTextField.swift in Sources */ = {isa = PBXBuildFile; fileRef = 41532F701E245CF100AA4B94 /* ALLocalizableTextField.swift */; };
		41532F771E245CF100AA4B94 /* ALRoundImageView.swift in Sources */ = {isa = PBXBuildFile; fileRef = 41532F711E245CF100AA4B94 /* ALRoundImageView.swift */; };
		41532F781E245CF100AA4B94 /* ClosureSelector.swift in Sources */ = {isa = PBXBuildFile; fileRef = 41532F721E245CF100AA4B94 /* ClosureSelector.swift */; };
		41532F7C1E245E0100AA4B94 /* Extensions.swift in Sources */ = {isa = PBXBuildFile; fileRef = 41532F7B1E245E0100AA4B94 /* Extensions.swift */; };
		41532F7D1E245E3500AA4B94 /* Localizable.strings in Resources */ = {isa = PBXBuildFile; fileRef = 41532F7F1E245E3500AA4B94 /* Localizable.strings */; };
		41532F811E245EAF00AA4B94 /* DefaultTheme.swift in Sources */ = {isa = PBXBuildFile; fileRef = 41532F801E245EAF00AA4B94 /* DefaultTheme.swift */; };
		41532F831E24619B00AA4B94 /* circulartt-book.ttf in Resources */ = {isa = PBXBuildFile; fileRef = 41532F821E24619B00AA4B94 /* circulartt-book.ttf */; };
		41532F851E24633600AA4B94 /* CustomSideMenuController.swift in Sources */ = {isa = PBXBuildFile; fileRef = 41532F841E24633600AA4B94 /* CustomSideMenuController.swift */; };
		41532F871E24665D00AA4B94 /* AboutViewController.swift in Sources */ = {isa = PBXBuildFile; fileRef = 41532F861E24665D00AA4B94 /* AboutViewController.swift */; };
		41532F891E24669700AA4B94 /* SideViewController.swift in Sources */ = {isa = PBXBuildFile; fileRef = 41532F881E24669700AA4B94 /* SideViewController.swift */; };
		41532F8C1E2467D600AA4B94 /* SideMenuCell.xib in Resources */ = {isa = PBXBuildFile; fileRef = 41532F8B1E2467D600AA4B94 /* SideMenuCell.xib */; };
		41532F8E1E2467E000AA4B94 /* SideMenuCell.swift in Sources */ = {isa = PBXBuildFile; fileRef = 41532F8D1E2467E000AA4B94 /* SideMenuCell.swift */; };
		41532F901E2467F000AA4B94 /* SideHeader.swift in Sources */ = {isa = PBXBuildFile; fileRef = 41532F8F1E2467F000AA4B94 /* SideHeader.swift */; };
		41532F921E2467FA00AA4B94 /* SideHeader.xib in Resources */ = {isa = PBXBuildFile; fileRef = 41532F911E2467FA00AA4B94 /* SideHeader.xib */; };
		41532F951E247DF300AA4B94 /* QuestionnaireObject.swift in Sources */ = {isa = PBXBuildFile; fileRef = 41532F941E247DF300AA4B94 /* QuestionnaireObject.swift */; };
		41532F981E247E2800AA4B94 /* Helpers.swift in Sources */ = {isa = PBXBuildFile; fileRef = 41532F971E247E2800AA4B94 /* Helpers.swift */; };
		41532F9A1E2482E800AA4B94 /* FundDetailViewController.swift in Sources */ = {isa = PBXBuildFile; fileRef = 41532F991E2482E800AA4B94 /* FundDetailViewController.swift */; };
		41532F9D1E2489C500AA4B94 /* FundDetailCell.swift in Sources */ = {isa = PBXBuildFile; fileRef = 41532F9C1E2489C500AA4B94 /* FundDetailCell.swift */; };
		41532F9F1E2489CF00AA4B94 /* FundDetailCell.xib in Resources */ = {isa = PBXBuildFile; fileRef = 41532F9E1E2489CF00AA4B94 /* FundDetailCell.xib */; };
		41532FA11E248CAA00AA4B94 /* AvailableFunds.plist in Resources */ = {isa = PBXBuildFile; fileRef = 41532FA01E248CAA00AA4B94 /* AvailableFunds.plist */; };
		41532FA31E24926C00AA4B94 /* FundObject.swift in Sources */ = {isa = PBXBuildFile; fileRef = 41532FA21E24926C00AA4B94 /* FundObject.swift */; };
		41532FA51E24B2FD00AA4B94 /* QuestionnaireViewController.swift in Sources */ = {isa = PBXBuildFile; fileRef = 41532FA41E24B2FD00AA4B94 /* QuestionnaireViewController.swift */; };
		41532FA71E24CB8B00AA4B94 /* RiskProfiler.plist in Resources */ = {isa = PBXBuildFile; fileRef = 41532FA61E24CB8B00AA4B94 /* RiskProfiler.plist */; };
		41532FAB1E24D37000AA4B94 /* QuestionHeader.swift in Sources */ = {isa = PBXBuildFile; fileRef = 41532FAA1E24D37000AA4B94 /* QuestionHeader.swift */; };
		41532FAD1E24D37900AA4B94 /* QuestionHeader.xib in Resources */ = {isa = PBXBuildFile; fileRef = 41532FAC1E24D37900AA4B94 /* QuestionHeader.xib */; };
		41532FAF1E24D38100AA4B94 /* QuestionCell.xib in Resources */ = {isa = PBXBuildFile; fileRef = 41532FAE1E24D38100AA4B94 /* QuestionCell.xib */; };
		41532FB11E24D38A00AA4B94 /* QuestionCell.swift in Sources */ = {isa = PBXBuildFile; fileRef = 41532FB01E24D38A00AA4B94 /* QuestionCell.swift */; };
		41532FB31E24EC6E00AA4B94 /* QuestionnaireResultsViewController.swift in Sources */ = {isa = PBXBuildFile; fileRef = 41532FB21E24EC6E00AA4B94 /* QuestionnaireResultsViewController.swift */; };
		41FC26601E245507004353D1 /* AppDelegate.swift in Sources */ = {isa = PBXBuildFile; fileRef = 41FC265F1E245507004353D1 /* AppDelegate.swift */; };
		41FC26651E245507004353D1 /* Main.storyboard in Resources */ = {isa = PBXBuildFile; fileRef = 41FC26631E245507004353D1 /* Main.storyboard */; };
		41FC26671E245507004353D1 /* Assets.xcassets in Resources */ = {isa = PBXBuildFile; fileRef = 41FC26661E245507004353D1 /* Assets.xcassets */; };
		41FC266A1E245507004353D1 /* LaunchScreen.storyboard in Resources */ = {isa = PBXBuildFile; fileRef = 41FC26681E245507004353D1 /* LaunchScreen.storyboard */; };
/* End PBXBuildFile section */

/* Begin PBXFileReference section */
		4106FAD31E259B7A00B54F9F /* SubmitViewController.swift */ = {isa = PBXFileReference; fileEncoding = 4; lastKnownFileType = sourcecode.swift; path = SubmitViewController.swift; sourceTree = "<group>"; };
		41532F681E245BAF00AA4B94 /* booster-logo.jpg */ = {isa = PBXFileReference; lastKnownFileType = image.jpeg; path = "booster-logo.jpg"; sourceTree = "<group>"; };
		41532F6D1E245CF100AA4B94 /* ALLayerView.swift */ = {isa = PBXFileReference; fileEncoding = 4; lastKnownFileType = sourcecode.swift; path = ALLayerView.swift; sourceTree = "<group>"; };
		41532F6E1E245CF100AA4B94 /* ALLocalizableButton.swift */ = {isa = PBXFileReference; fileEncoding = 4; lastKnownFileType = sourcecode.swift; path = ALLocalizableButton.swift; sourceTree = "<group>"; };
		41532F6F1E245CF100AA4B94 /* ALLocalizableLabel.swift */ = {isa = PBXFileReference; fileEncoding = 4; lastKnownFileType = sourcecode.swift; path = ALLocalizableLabel.swift; sourceTree = "<group>"; };
		41532F701E245CF100AA4B94 /* ALLocalizableTextField.swift */ = {isa = PBXFileReference; fileEncoding = 4; lastKnownFileType = sourcecode.swift; path = ALLocalizableTextField.swift; sourceTree = "<group>"; };
		41532F711E245CF100AA4B94 /* ALRoundImageView.swift */ = {isa = PBXFileReference; fileEncoding = 4; lastKnownFileType = sourcecode.swift; path = ALRoundImageView.swift; sourceTree = "<group>"; };
		41532F721E245CF100AA4B94 /* ClosureSelector.swift */ = {isa = PBXFileReference; fileEncoding = 4; lastKnownFileType = sourcecode.swift; path = ClosureSelector.swift; sourceTree = "<group>"; };
		41532F7B1E245E0100AA4B94 /* Extensions.swift */ = {isa = PBXFileReference; fileEncoding = 4; lastKnownFileType = sourcecode.swift; path = Extensions.swift; sourceTree = "<group>"; };
		41532F7E1E245E3500AA4B94 /* Base */ = {isa = PBXFileReference; lastKnownFileType = text.plist.strings; name = Base; path = Base.lproj/Localizable.strings; sourceTree = "<group>"; };
		41532F801E245EAF00AA4B94 /* DefaultTheme.swift */ = {isa = PBXFileReference; fileEncoding = 4; lastKnownFileType = sourcecode.swift; path = DefaultTheme.swift; sourceTree = "<group>"; };
		41532F821E24619B00AA4B94 /* circulartt-book.ttf */ = {isa = PBXFileReference; lastKnownFileType = file; path = "circulartt-book.ttf"; sourceTree = "<group>"; };
		41532F841E24633600AA4B94 /* CustomSideMenuController.swift */ = {isa = PBXFileReference; fileEncoding = 4; lastKnownFileType = sourcecode.swift; path = CustomSideMenuController.swift; sourceTree = "<group>"; };
		41532F861E24665D00AA4B94 /* AboutViewController.swift */ = {isa = PBXFileReference; fileEncoding = 4; lastKnownFileType = sourcecode.swift; path = AboutViewController.swift; sourceTree = "<group>"; };
		41532F881E24669700AA4B94 /* SideViewController.swift */ = {isa = PBXFileReference; fileEncoding = 4; lastKnownFileType = sourcecode.swift; path = SideViewController.swift; sourceTree = "<group>"; };
		41532F8B1E2467D600AA4B94 /* SideMenuCell.xib */ = {isa = PBXFileReference; fileEncoding = 4; lastKnownFileType = file.xib; path = SideMenuCell.xib; sourceTree = "<group>"; };
		41532F8D1E2467E000AA4B94 /* SideMenuCell.swift */ = {isa = PBXFileReference; fileEncoding = 4; lastKnownFileType = sourcecode.swift; path = SideMenuCell.swift; sourceTree = "<group>"; };
		41532F8F1E2467F000AA4B94 /* SideHeader.swift */ = {isa = PBXFileReference; fileEncoding = 4; lastKnownFileType = sourcecode.swift; path = SideHeader.swift; sourceTree = "<group>"; };
		41532F911E2467FA00AA4B94 /* SideHeader.xib */ = {isa = PBXFileReference; fileEncoding = 4; lastKnownFileType = file.xib; path = SideHeader.xib; sourceTree = "<group>"; };
		41532F941E247DF300AA4B94 /* QuestionnaireObject.swift */ = {isa = PBXFileReference; fileEncoding = 4; lastKnownFileType = sourcecode.swift; path = QuestionnaireObject.swift; sourceTree = "<group>"; };
		41532F971E247E2800AA4B94 /* Helpers.swift */ = {isa = PBXFileReference; fileEncoding = 4; lastKnownFileType = sourcecode.swift; path = Helpers.swift; sourceTree = "<group>"; };
		41532F991E2482E800AA4B94 /* FundDetailViewController.swift */ = {isa = PBXFileReference; fileEncoding = 4; lastKnownFileType = sourcecode.swift; path = FundDetailViewController.swift; sourceTree = "<group>"; };
		41532F9C1E2489C500AA4B94 /* FundDetailCell.swift */ = {isa = PBXFileReference; fileEncoding = 4; lastKnownFileType = sourcecode.swift; path = FundDetailCell.swift; sourceTree = "<group>"; };
		41532F9E1E2489CF00AA4B94 /* FundDetailCell.xib */ = {isa = PBXFileReference; fileEncoding = 4; lastKnownFileType = file.xib; path = FundDetailCell.xib; sourceTree = "<group>"; };
		41532FA01E248CAA00AA4B94 /* AvailableFunds.plist */ = {isa = PBXFileReference; fileEncoding = 4; lastKnownFileType = text.plist.xml; path = AvailableFunds.plist; sourceTree = "<group>"; };
		41532FA21E24926C00AA4B94 /* FundObject.swift */ = {isa = PBXFileReference; fileEncoding = 4; lastKnownFileType = sourcecode.swift; path = FundObject.swift; sourceTree = "<group>"; };
		41532FA41E24B2FD00AA4B94 /* QuestionnaireViewController.swift */ = {isa = PBXFileReference; fileEncoding = 4; lastKnownFileType = sourcecode.swift; path = QuestionnaireViewController.swift; sourceTree = "<group>"; };
		41532FA61E24CB8B00AA4B94 /* RiskProfiler.plist */ = {isa = PBXFileReference; fileEncoding = 4; lastKnownFileType = text.plist.xml; path = RiskProfiler.plist; sourceTree = "<group>"; };
		41532FAA1E24D37000AA4B94 /* QuestionHeader.swift */ = {isa = PBXFileReference; fileEncoding = 4; lastKnownFileType = sourcecode.swift; path = QuestionHeader.swift; sourceTree = "<group>"; };
		41532FAC1E24D37900AA4B94 /* QuestionHeader.xib */ = {isa = PBXFileReference; fileEncoding = 4; lastKnownFileType = file.xib; path = QuestionHeader.xib; sourceTree = "<group>"; };
		41532FAE1E24D38100AA4B94 /* QuestionCell.xib */ = {isa = PBXFileReference; fileEncoding = 4; lastKnownFileType = file.xib; path = QuestionCell.xib; sourceTree = "<group>"; };
		41532FB01E24D38A00AA4B94 /* QuestionCell.swift */ = {isa = PBXFileReference; fileEncoding = 4; lastKnownFileType = sourcecode.swift; path = QuestionCell.swift; sourceTree = "<group>"; };
		41532FB21E24EC6E00AA4B94 /* QuestionnaireResultsViewController.swift */ = {isa = PBXFileReference; fileEncoding = 4; lastKnownFileType = sourcecode.swift; path = QuestionnaireResultsViewController.swift; sourceTree = "<group>"; };
		41FC265C1E245507004353D1 /* booster.app */ = {isa = PBXFileReference; explicitFileType = wrapper.application; includeInIndex = 0; path = booster.app; sourceTree = BUILT_PRODUCTS_DIR; };
		41FC265F1E245507004353D1 /* AppDelegate.swift */ = {isa = PBXFileReference; lastKnownFileType = sourcecode.swift; path = AppDelegate.swift; sourceTree = "<group>"; };
		41FC26641E245507004353D1 /* Base */ = {isa = PBXFileReference; lastKnownFileType = file.storyboard; name = Base; path = Base.lproj/Main.storyboard; sourceTree = "<group>"; };
		41FC26661E245507004353D1 /* Assets.xcassets */ = {isa = PBXFileReference; lastKnownFileType = folder.assetcatalog; path = Assets.xcassets; sourceTree = "<group>"; };
		41FC26691E245507004353D1 /* Base */ = {isa = PBXFileReference; lastKnownFileType = file.storyboard; name = Base; path = Base.lproj/LaunchScreen.storyboard; sourceTree = "<group>"; };
		41FC266B1E245507004353D1 /* Info.plist */ = {isa = PBXFileReference; lastKnownFileType = text.plist.xml; path = Info.plist; sourceTree = "<group>"; };
		438FF6607F57FA5A0F10176E /* Pods-booster.debug.xcconfig */ = {isa = PBXFileReference; includeInIndex = 1; lastKnownFileType = text.xcconfig; name = "Pods-booster.debug.xcconfig"; path = "Pods/Target Support Files/Pods-booster/Pods-booster.debug.xcconfig"; sourceTree = "<group>"; };
		D3761E052A2C59450E661EE1 /* Pods_booster.framework */ = {isa = PBXFileReference; explicitFileType = wrapper.framework; includeInIndex = 0; path = Pods_booster.framework; sourceTree = BUILT_PRODUCTS_DIR; };
		E4C55FFEB1A3CAA5E70993ED /* Pods-booster.release.xcconfig */ = {isa = PBXFileReference; includeInIndex = 1; lastKnownFileType = text.xcconfig; name = "Pods-booster.release.xcconfig"; path = "Pods/Target Support Files/Pods-booster/Pods-booster.release.xcconfig"; sourceTree = "<group>"; };
/* End PBXFileReference section */

/* Begin PBXFrameworksBuildPhase section */
		41FC26591E245507004353D1 /* Frameworks */ = {
			isa = PBXFrameworksBuildPhase;
			buildActionMask = 2147483647;
			files = (
				19483E7169D96046600884B1 /* Pods_booster.framework in Frameworks */,
			);
			runOnlyForDeploymentPostprocessing = 0;
		};
/* End PBXFrameworksBuildPhase section */

/* Begin PBXGroup section */
		41532F671E245B9A00AA4B94 /* assets */ = {
			isa = PBXGroup;
			children = (
				41532F821E24619B00AA4B94 /* circulartt-book.ttf */,
				41532F681E245BAF00AA4B94 /* booster-logo.jpg */,
				41532F801E245EAF00AA4B94 /* DefaultTheme.swift */,
			);
			path = assets;
			sourceTree = "<group>";
		};
		41532F6C1E245CCB00AA4B94 /* extensions */ = {
			isa = PBXGroup;
			children = (
				41532F6D1E245CF100AA4B94 /* ALLayerView.swift */,
				41532F6E1E245CF100AA4B94 /* ALLocalizableButton.swift */,
				41532F6F1E245CF100AA4B94 /* ALLocalizableLabel.swift */,
				41532F701E245CF100AA4B94 /* ALLocalizableTextField.swift */,
				41532F711E245CF100AA4B94 /* ALRoundImageView.swift */,
				41532F721E245CF100AA4B94 /* ClosureSelector.swift */,
				41532F7B1E245E0100AA4B94 /* Extensions.swift */,
			);
			path = extensions;
			sourceTree = "<group>";
		};
		41532F8A1E2467B000AA4B94 /* views */ = {
			isa = PBXGroup;
			children = (
				41532F8B1E2467D600AA4B94 /* SideMenuCell.xib */,
				41532F8D1E2467E000AA4B94 /* SideMenuCell.swift */,
				41532F8F1E2467F000AA4B94 /* SideHeader.swift */,
				41532F911E2467FA00AA4B94 /* SideHeader.xib */,
				41532F9C1E2489C500AA4B94 /* FundDetailCell.swift */,
				41532F9E1E2489CF00AA4B94 /* FundDetailCell.xib */,
				41532FAA1E24D37000AA4B94 /* QuestionHeader.swift */,
				41532FAC1E24D37900AA4B94 /* QuestionHeader.xib */,
				41532FAE1E24D38100AA4B94 /* QuestionCell.xib */,
				41532FB01E24D38A00AA4B94 /* QuestionCell.swift */,
			);
			path = views;
			sourceTree = "<group>";
		};
		41532F931E247DDA00AA4B94 /* model */ = {
			isa = PBXGroup;
			children = (
				41532F941E247DF300AA4B94 /* QuestionnaireObject.swift */,
				41532FA21E24926C00AA4B94 /* FundObject.swift */,
			);
			path = model;
			sourceTree = "<group>";
		};
		41532F961E247E1A00AA4B94 /* core */ = {
			isa = PBXGroup;
			children = (
				41532F971E247E2800AA4B94 /* Helpers.swift */,
			);
			path = core;
			sourceTree = "<group>";
		};
		41FC26531E245507004353D1 = {
			isa = PBXGroup;
			children = (
				41FC265E1E245507004353D1 /* booster */,
				41FC265D1E245507004353D1 /* Products */,
				5B8B84452E1FC39F6A96BC34 /* Pods */,
				99B77D311589901C56604D9F /* Frameworks */,
			);
			sourceTree = "<group>";
		};
		41FC265D1E245507004353D1 /* Products */ = {
			isa = PBXGroup;
			children = (
				41FC265C1E245507004353D1 /* booster.app */,
			);
			name = Products;
			sourceTree = "<group>";
		};
		41FC265E1E245507004353D1 /* booster */ = {
			isa = PBXGroup;
			children = (
				41532F961E247E1A00AA4B94 /* core */,
				41532F931E247DDA00AA4B94 /* model */,
				41532F8A1E2467B000AA4B94 /* views */,
				41532F6C1E245CCB00AA4B94 /* extensions */,
				41532F671E245B9A00AA4B94 /* assets */,
				41FC265F1E245507004353D1 /* AppDelegate.swift */,
				41FC26631E245507004353D1 /* Main.storyboard */,
				41FC26661E245507004353D1 /* Assets.xcassets */,
				41FC26681E245507004353D1 /* LaunchScreen.storyboard */,
				41FC266B1E245507004353D1 /* Info.plist */,
				41532F7F1E245E3500AA4B94 /* Localizable.strings */,
				41532F841E24633600AA4B94 /* CustomSideMenuController.swift */,
				41532F861E24665D00AA4B94 /* AboutViewController.swift */,
				41532F881E24669700AA4B94 /* SideViewController.swift */,
				41532F991E2482E800AA4B94 /* FundDetailViewController.swift */,
				41532FA01E248CAA00AA4B94 /* AvailableFunds.plist */,
				41532FA61E24CB8B00AA4B94 /* RiskProfiler.plist */,
				41532FA41E24B2FD00AA4B94 /* QuestionnaireViewController.swift */,
				41532FB21E24EC6E00AA4B94 /* QuestionnaireResultsViewController.swift */,
				4106FAD31E259B7A00B54F9F /* SubmitViewController.swift */,
			);
			path = booster;
			sourceTree = "<group>";
		};
		5B8B84452E1FC39F6A96BC34 /* Pods */ = {
			isa = PBXGroup;
			children = (
				438FF6607F57FA5A0F10176E /* Pods-booster.debug.xcconfig */,
				E4C55FFEB1A3CAA5E70993ED /* Pods-booster.release.xcconfig */,
			);
			name = Pods;
			sourceTree = "<group>";
		};
		99B77D311589901C56604D9F /* Frameworks */ = {
			isa = PBXGroup;
			children = (
				D3761E052A2C59450E661EE1 /* Pods_booster.framework */,
			);
			name = Frameworks;
			sourceTree = "<group>";
		};
/* End PBXGroup section */

/* Begin PBXNativeTarget section */
		41FC265B1E245507004353D1 /* booster */ = {
			isa = PBXNativeTarget;
			buildConfigurationList = 41FC266E1E245507004353D1 /* Build configuration list for PBXNativeTarget "booster" */;
			buildPhases = (
				4475B4C2089A6FA38008697F /* [CP] Check Pods Manifest.lock */,
				41FC26581E245507004353D1 /* Sources */,
				41FC26591E245507004353D1 /* Frameworks */,
				41FC265A1E245507004353D1 /* Resources */,
				0282D4984092951D3C9A422D /* [CP] Embed Pods Frameworks */,
				03A4D6A7B1F0599FA0482BE3 /* [CP] Copy Pods Resources */,
			);
			buildRules = (
			);
			dependencies = (
			);
			name = booster;
			productName = booster;
			productReference = 41FC265C1E245507004353D1 /* booster.app */;
			productType = "com.apple.product-type.application";
		};
/* End PBXNativeTarget section */

/* Begin PBXProject section */
		41FC26541E245507004353D1 /* Project object */ = {
			isa = PBXProject;
			attributes = {
				LastSwiftUpdateCheck = 0820;
				LastUpgradeCheck = 0820;
				ORGANIZATIONNAME = "Tomas Radvansky";
				TargetAttributes = {
					41FC265B1E245507004353D1 = {
						CreatedOnToolsVersion = 8.2;
						DevelopmentTeam = SGVY646LPP;
						ProvisioningStyle = Automatic;
					};
				};
			};
			buildConfigurationList = 41FC26571E245507004353D1 /* Build configuration list for PBXProject "booster" */;
			compatibilityVersion = "Xcode 3.2";
			developmentRegion = English;
			hasScannedForEncodings = 0;
			knownRegions = (
				en,
				Base,
			);
			mainGroup = 41FC26531E245507004353D1;
			productRefGroup = 41FC265D1E245507004353D1 /* Products */;
			projectDirPath = "";
			projectRoot = "";
			targets = (
				41FC265B1E245507004353D1 /* booster */,
			);
		};
/* End PBXProject section */

/* Begin PBXResourcesBuildPhase section */
		41FC265A1E245507004353D1 /* Resources */ = {
			isa = PBXResourcesBuildPhase;
			buildActionMask = 2147483647;
			files = (
				41FC266A1E245507004353D1 /* LaunchScreen.storyboard in Resources */,
				41532F8C1E2467D600AA4B94 /* SideMenuCell.xib in Resources */,
				41532FAF1E24D38100AA4B94 /* QuestionCell.xib in Resources */,
				41532F691E245BAF00AA4B94 /* booster-logo.jpg in Resources */,
				41532F7D1E245E3500AA4B94 /* Localizable.strings in Resources */,
				41FC26671E245507004353D1 /* Assets.xcassets in Resources */,
				41532F9F1E2489CF00AA4B94 /* FundDetailCell.xib in Resources */,
				41532F831E24619B00AA4B94 /* circulartt-book.ttf in Resources */,
				41532FA11E248CAA00AA4B94 /* AvailableFunds.plist in Resources */,
				41532FAD1E24D37900AA4B94 /* QuestionHeader.xib in Resources */,
				41532F921E2467FA00AA4B94 /* SideHeader.xib in Resources */,
				41532FA71E24CB8B00AA4B94 /* RiskProfiler.plist in Resources */,
				41FC26651E245507004353D1 /* Main.storyboard in Resources */,
			);
			runOnlyForDeploymentPostprocessing = 0;
		};
/* End PBXResourcesBuildPhase section */

/* Begin PBXShellScriptBuildPhase section */
		0282D4984092951D3C9A422D /* [CP] Embed Pods Frameworks */ = {
			isa = PBXShellScriptBuildPhase;
			buildActionMask = 2147483647;
			files = (
			);
			inputPaths = (
			);
			name = "[CP] Embed Pods Frameworks";
			outputPaths = (
			);
			runOnlyForDeploymentPostprocessing = 0;
			shellPath = /bin/sh;
			shellScript = "\"${SRCROOT}/Pods/Target Support Files/Pods-booster/Pods-booster-frameworks.sh\"\n";
			showEnvVarsInLog = 0;
		};
		03A4D6A7B1F0599FA0482BE3 /* [CP] Copy Pods Resources */ = {
			isa = PBXShellScriptBuildPhase;
			buildActionMask = 2147483647;
			files = (
			);
			inputPaths = (
			);
			name = "[CP] Copy Pods Resources";
			outputPaths = (
			);
			runOnlyForDeploymentPostprocessing = 0;
			shellPath = /bin/sh;
			shellScript = "\"${SRCROOT}/Pods/Target Support Files/Pods-booster/Pods-booster-resources.sh\"\n";
			showEnvVarsInLog = 0;
		};
		4475B4C2089A6FA38008697F /* [CP] Check Pods Manifest.lock */ = {
			isa = PBXShellScriptBuildPhase;
			buildActionMask = 2147483647;
			files = (
			);
			inputPaths = (
			);
			name = "[CP] Check Pods Manifest.lock";
			outputPaths = (
			);
			runOnlyForDeploymentPostprocessing = 0;
			shellPath = /bin/sh;
			shellScript = "diff \"${PODS_ROOT}/../Podfile.lock\" \"${PODS_ROOT}/Manifest.lock\" > /dev/null\nif [ $? != 0 ] ; then\n    # print error to STDERR\n    echo \"error: The sandbox is not in sync with the Podfile.lock. Run 'pod install' or update your CocoaPods installation.\" >&2\n    exit 1\nfi\n";
			showEnvVarsInLog = 0;
		};
/* End PBXShellScriptBuildPhase section */

/* Begin PBXSourcesBuildPhase section */
		41FC26581E245507004353D1 /* Sources */ = {
			isa = PBXSourcesBuildPhase;
			buildActionMask = 2147483647;
			files = (
				41532F8E1E2467E000AA4B94 /* SideMenuCell.swift in Sources */,
				41532F951E247DF300AA4B94 /* QuestionnaireObject.swift in Sources */,
				41532FA51E24B2FD00AA4B94 /* QuestionnaireViewController.swift in Sources */,
				41532F7C1E245E0100AA4B94 /* Extensions.swift in Sources */,
				41532F761E245CF100AA4B94 /* ALLocalizableTextField.swift in Sources */,
				41FC26601E245507004353D1 /* AppDelegate.swift in Sources */,
				41532F731E245CF100AA4B94 /* ALLayerView.swift in Sources */,
				41532FA31E24926C00AA4B94 /* FundObject.swift in Sources */,
				41532F751E245CF100AA4B94 /* ALLocalizableLabel.swift in Sources */,
				41532F901E2467F000AA4B94 /* SideHeader.swift in Sources */,
				41532FB31E24EC6E00AA4B94 /* QuestionnaireResultsViewController.swift in Sources */,
				41532FAB1E24D37000AA4B94 /* QuestionHeader.swift in Sources */,
				41532F771E245CF100AA4B94 /* ALRoundImageView.swift in Sources */,
				41532F9A1E2482E800AA4B94 /* FundDetailViewController.swift in Sources */,
				41532F981E247E2800AA4B94 /* Helpers.swift in Sources */,
				41532F851E24633600AA4B94 /* CustomSideMenuController.swift in Sources */,
				4106FAD41E259B7A00B54F9F /* SubmitViewController.swift in Sources */,
				41532F781E245CF100AA4B94 /* ClosureSelector.swift in Sources */,
				41532F891E24669700AA4B94 /* SideViewController.swift in Sources */,
				41532F871E24665D00AA4B94 /* AboutViewController.swift in Sources */,
				41532F741E245CF100AA4B94 /* ALLocalizableButton.swift in Sources */,
				41532FB11E24D38A00AA4B94 /* QuestionCell.swift in Sources */,
				41532F9D1E2489C500AA4B94 /* FundDetailCell.swift in Sources */,
				41532F811E245EAF00AA4B94 /* DefaultTheme.swift in Sources */,
			);
			runOnlyForDeploymentPostprocessing = 0;
		};
/* End PBXSourcesBuildPhase section */

/* Begin PBXVariantGroup section */
		41532F7F1E245E3500AA4B94 /* Localizable.strings */ = {
			isa = PBXVariantGroup;
			children = (
				41532F7E1E245E3500AA4B94 /* Base */,
			);
			name = Localizable.strings;
			sourceTree = "<group>";
		};
		41FC26631E245507004353D1 /* Main.storyboard */ = {
			isa = PBXVariantGroup;
			children = (
				41FC26641E245507004353D1 /* Base */,
			);
			name = Main.storyboard;
			sourceTree = "<group>";
		};
		41FC26681E245507004353D1 /* LaunchScreen.storyboard */ = {
			isa = PBXVariantGroup;
			children = (
				41FC26691E245507004353D1 /* Base */,
			);
			name = LaunchScreen.storyboard;
			sourceTree = "<group>";
		};
/* End PBXVariantGroup section */

/* Begin XCBuildConfiguration section */
		41FC266C1E245507004353D1 /* Debug */ = {
			isa = XCBuildConfiguration;
			buildSettings = {
				ALWAYS_SEARCH_USER_PATHS = NO;
				CLANG_ANALYZER_NONNULL = YES;
				CLANG_CXX_LANGUAGE_STANDARD = "gnu++0x";
				CLANG_CXX_LIBRARY = "libc++";
				CLANG_ENABLE_MODULES = YES;
				CLANG_ENABLE_OBJC_ARC = YES;
				CLANG_WARN_BOOL_CONVERSION = YES;
				CLANG_WARN_CONSTANT_CONVERSION = YES;
				CLANG_WARN_DIRECT_OBJC_ISA_USAGE = YES_ERROR;
				CLANG_WARN_DOCUMENTATION_COMMENTS = YES;
				CLANG_WARN_EMPTY_BODY = YES;
				CLANG_WARN_ENUM_CONVERSION = YES;
				CLANG_WARN_INFINITE_RECURSION = YES;
				CLANG_WARN_INT_CONVERSION = YES;
				CLANG_WARN_OBJC_ROOT_CLASS = YES_ERROR;
				CLANG_WARN_SUSPICIOUS_MOVE = YES;
				CLANG_WARN_UNREACHABLE_CODE = YES;
				CLANG_WARN__DUPLICATE_METHOD_MATCH = YES;
				"CODE_SIGN_IDENTITY[sdk=iphoneos*]" = "iPhone Developer";
				COPY_PHASE_STRIP = NO;
				DEBUG_INFORMATION_FORMAT = dwarf;
				ENABLE_STRICT_OBJC_MSGSEND = YES;
				ENABLE_TESTABILITY = YES;
				GCC_C_LANGUAGE_STANDARD = gnu99;
				GCC_DYNAMIC_NO_PIC = NO;
				GCC_NO_COMMON_BLOCKS = YES;
				GCC_OPTIMIZATION_LEVEL = 0;
				GCC_PREPROCESSOR_DEFINITIONS = (
					"DEBUG=1",
					"$(inherited)",
				);
				GCC_WARN_64_TO_32_BIT_CONVERSION = YES;
				GCC_WARN_ABOUT_RETURN_TYPE = YES_ERROR;
				GCC_WARN_UNDECLARED_SELECTOR = YES;
				GCC_WARN_UNINITIALIZED_AUTOS = YES_AGGRESSIVE;
				GCC_WARN_UNUSED_FUNCTION = YES;
				GCC_WARN_UNUSED_VARIABLE = YES;
				IPHONEOS_DEPLOYMENT_TARGET = 10.2;
				MTL_ENABLE_DEBUG_INFO = YES;
				ONLY_ACTIVE_ARCH = YES;
				SDKROOT = iphoneos;
				SWIFT_ACTIVE_COMPILATION_CONDITIONS = DEBUG;
				SWIFT_OPTIMIZATION_LEVEL = "-Onone";
			};
			name = Debug;
		};
		41FC266D1E245507004353D1 /* Release */ = {
			isa = XCBuildConfiguration;
			buildSettings = {
				ALWAYS_SEARCH_USER_PATHS = NO;
				CLANG_ANALYZER_NONNULL = YES;
				CLANG_CXX_LANGUAGE_STANDARD = "gnu++0x";
				CLANG_CXX_LIBRARY = "libc++";
				CLANG_ENABLE_MODULES = YES;
				CLANG_ENABLE_OBJC_ARC = YES;
				CLANG_WARN_BOOL_CONVERSION = YES;
				CLANG_WARN_CONSTANT_CONVERSION = YES;
				CLANG_WARN_DIRECT_OBJC_ISA_USAGE = YES_ERROR;
				CLANG_WARN_DOCUMENTATION_COMMENTS = YES;
				CLANG_WARN_EMPTY_BODY = YES;
				CLANG_WARN_ENUM_CONVERSION = YES;
				CLANG_WARN_INFINITE_RECURSION = YES;
				CLANG_WARN_INT_CONVERSION = YES;
				CLANG_WARN_OBJC_ROOT_CLASS = YES_ERROR;
				CLANG_WARN_SUSPICIOUS_MOVE = YES;
				CLANG_WARN_UNREACHABLE_CODE = YES;
				CLANG_WARN__DUPLICATE_METHOD_MATCH = YES;
				"CODE_SIGN_IDENTITY[sdk=iphoneos*]" = "iPhone Developer";
				COPY_PHASE_STRIP = NO;
				DEBUG_INFORMATION_FORMAT = "dwarf-with-dsym";
				ENABLE_NS_ASSERTIONS = NO;
				ENABLE_STRICT_OBJC_MSGSEND = YES;
				GCC_C_LANGUAGE_STANDARD = gnu99;
				GCC_NO_COMMON_BLOCKS = YES;
				GCC_WARN_64_TO_32_BIT_CONVERSION = YES;
				GCC_WARN_ABOUT_RETURN_TYPE = YES_ERROR;
				GCC_WARN_UNDECLARED_SELECTOR = YES;
				GCC_WARN_UNINITIALIZED_AUTOS = YES_AGGRESSIVE;
				GCC_WARN_UNUSED_FUNCTION = YES;
				GCC_WARN_UNUSED_VARIABLE = YES;
				IPHONEOS_DEPLOYMENT_TARGET = 10.2;
				MTL_ENABLE_DEBUG_INFO = NO;
				SDKROOT = iphoneos;
				SWIFT_OPTIMIZATION_LEVEL = "-Owholemodule";
				VALIDATE_PRODUCT = YES;
			};
			name = Release;
		};
		41FC266F1E245507004353D1 /* Debug */ = {
			isa = XCBuildConfiguration;
			baseConfigurationReference = 438FF6607F57FA5A0F10176E /* Pods-booster.debug.xcconfig */;
			buildSettings = {
				ASSETCATALOG_COMPILER_APPICON_NAME = AppIcon;
				DEVELOPMENT_TEAM = SGVY646LPP;
				INFOPLIST_FILE = booster/Info.plist;
				LD_RUNPATH_SEARCH_PATHS = "$(inherited) @executable_path/Frameworks";
				PRODUCT_BUNDLE_IDENTIFIER = com.tomas.radvansky.booster;
				PRODUCT_NAME = "$(TARGET_NAME)";
				SWIFT_VERSION = 3.0;
			};
			name = Debug;
		};
		41FC26701E245507004353D1 /* Release */ = {
			isa = XCBuildConfiguration;
			baseConfigurationReference = E4C55FFEB1A3CAA5E70993ED /* Pods-booster.release.xcconfig */;
			buildSettings = {
				ASSETCATALOG_COMPILER_APPICON_NAME = AppIcon;
				DEVELOPMENT_TEAM = SGVY646LPP;
				INFOPLIST_FILE = booster/Info.plist;
				LD_RUNPATH_SEARCH_PATHS = "$(inherited) @executable_path/Frameworks";
				PRODUCT_BUNDLE_IDENTIFIER = com.tomas.radvansky.booster;
				PRODUCT_NAME = "$(TARGET_NAME)";
				SWIFT_VERSION = 3.0;
			};
			name = Release;
		};
/* End XCBuildConfiguration section */

/* Begin XCConfigurationList section */
		41FC26571E245507004353D1 /* Build configuration list for PBXProject "booster" */ = {
			isa = XCConfigurationList;
			buildConfigurations = (
				41FC266C1E245507004353D1 /* Debug */,
				41FC266D1E245507004353D1 /* Release */,
			);
			defaultConfigurationIsVisible = 0;
			defaultConfigurationName = Release;
		};
		41FC266E1E245507004353D1 /* Build configuration list for PBXNativeTarget "booster" */ = {
			isa = XCConfigurationList;
			buildConfigurations = (
				41FC266F1E245507004353D1 /* Debug */,
				41FC26701E245507004353D1 /* Release */,
			);
			defaultConfigurationIsVisible = 0;
			defaultConfigurationName = Release;
		};
/* End XCConfigurationList section */
	};
	rootObject = 41FC26541E245507004353D1 /* Project object */;
}
